
Microsoft Visual Studio Solution File, Format Version 12.00
# Visual Studio Version 16
VisualStudioVersion = 16.0.31424.327
MinimumVisualStudioVersion = 10.0.40219.1
Project("{9A19103F-16F7-4668-BE54-9A1E7A4F7556}") = "ServerSideDesktopApp", "ServerSideDesktopApp\ServerSideDesktopApp.csproj", "{C9BFAB5D-2349-41AC-86AE-29C482290441}"
EndProject
Project("{9A19103F-16F7-4668-BE54-9A1E7A4F7556}") = "RazorComponents", "..\ClientSideTodoApp\RazorComponents\RazorComponents.csproj", "{50629789-9244-4F87-B391-AA0BF27FC0E1}"
EndProject
Global
	GlobalSection(SolutionConfigurationPlatforms) = preSolution
		Debug|Any CPU = Debug|Any CPU
		Release|Any CPU = Release|Any CPU
	EndGlobalSection
	GlobalSection(ProjectConfigurationPlatforms) = postSolution
		{C9BFAB5D-2349-41AC-86AE-29C482290441}.Debug|Any CPU.ActiveCfg = Debug|Any CPU
		{C9BFAB5D-2349-41AC-86AE-29C482290441}.Debug|Any CPU.Build.0 = Debug|Any CPU
		{C9BFAB5D-2349-41AC-86AE-29C482290441}.Release|Any CPU.ActiveCfg = Release|Any CPU
		{C9BFAB5D-2349-41AC-86AE-29C482290441}.Release|Any CPU.Build.0 = Release|Any CPU
		{50629789-9244-4F87-B391-AA0BF27FC0E1}.Debug|Any CPU.ActiveCfg = Debug|Any CPU
		{50629789-9244-4F87-B391-AA0BF27FC0E1}.Debug|Any CPU.Build.0 = Debug|Any CPU
		{50629789-9244-4F87-B391-AA0BF27FC0E1}.Release|Any CPU.ActiveCfg = Release|Any CPU
		{50629789-9244-4F87-B391-AA0BF27FC0E1}.Release|Any CPU.Build.0 = Release|Any CPU
	EndGlobalSection
	GlobalSection(SolutionProperties) = preSolution
		HideSolutionNode = FALSE
	EndGlobalSection
	GlobalSection(ExtensibilityGlobals) = postSolution
		SolutionGuid = {58B0B858-945F-46A3-BDE2-18EC8A54DDB1}
	EndGlobalSection
EndGlobal
